
Microsoft Visual Studio Solution File, Format Version 12.00
# Visual Studio Version 16
VisualStudioVersion = 16.0.30803.129
MinimumVisualStudioVersion = 10.0.40219.1
Project("{FAE04EC0-301F-11D3-BF4B-00C04F79EFBC}") = "offlineOCR", "offlineOCR\offlineOCR.csproj", "{435F896E-DB18-48B7-AB2A-56C3D72B084C}"
EndProject
Global
	GlobalSection(SolutionConfigurationPlatforms) = preSolution
		Debug|Any CPU = Debug|Any CPU
		Release|Any CPU = Release|Any CPU
	EndGlobalSection
	GlobalSection(ProjectConfigurationPlatforms) = postSolution
		{435F896E-DB18-48B7-AB2A-56C3D72B084C}.Debug|Any CPU.ActiveCfg = Debug|Any CPU
		{435F896E-DB18-48B7-AB2A-56C3D72B084C}.Debug|Any CPU.Build.0 = Debug|Any CPU
		{435F896E-DB18-48B7-AB2A-56C3D72B084C}.Release|Any CPU.ActiveCfg = Release|Any CPU
		{435F896E-DB18-48B7-AB2A-56C3D72B084C}.Release|Any CPU.Build.0 = Release|Any CPU
	EndGlobalSection
	GlobalSection(SolutionProperties) = preSolution
		HideSolutionNode = FALSE
	EndGlobalSection
	GlobalSection(ExtensibilityGlobals) = postSolution
		SolutionGuid = {781FF593-9F8E-4FD2-AC80-CACF40238AD0}
	EndGlobalSection
EndGlobal
